
Microsoft Visual Studio Solution File, Format Version 12.00
# Visual Studio Version 16
VisualStudioVersion = 16.0.30804.86
MinimumVisualStudioVersion = 10.0.40219.1
Project("{FAE04EC0-301F-11D3-BF4B-00C04F79EFBC}") = "AcademiaFit", "AcademiaFit.csproj", "{C4537F89-DAD6-4F90-9AAC-EDCC19B05924}"
EndProject
Global
	GlobalSection(SolutionConfigurationPlatforms) = preSolution
		Debug|Any CPU = Debug|Any CPU
		Release|Any CPU = Release|Any CPU
	EndGlobalSection
	GlobalSection(ProjectConfigurationPlatforms) = postSolution
		{C4537F89-DAD6-4F90-9AAC-EDCC19B05924}.Debug|Any CPU.ActiveCfg = Debug|Any CPU
		{C4537F89-DAD6-4F90-9AAC-EDCC19B05924}.Debug|Any CPU.Build.0 = Debug|Any CPU
		{C4537F89-DAD6-4F90-9AAC-EDCC19B05924}.Release|Any CPU.ActiveCfg = Release|Any CPU
		{C4537F89-DAD6-4F90-9AAC-EDCC19B05924}.Release|Any CPU.Build.0 = Release|Any CPU
	EndGlobalSection
	GlobalSection(SolutionProperties) = preSolution
		HideSolutionNode = FALSE
	EndGlobalSection
	GlobalSection(ExtensibilityGlobals) = postSolution
		SolutionGuid = {06BA4BE5-3F0E-4764-8099-6F7ED1CD026A}
	EndGlobalSection
EndGlobal
