
Microsoft Visual Studio Solution File, Format Version 12.00
# Visual Studio Version 16
VisualStudioVersion = 16.0.30804.86
MinimumVisualStudioVersion = 10.0.40219.1
Project("{FAE04EC0-301F-11D3-BF4B-00C04F79EFBC}") = "ApiProdutos", "ApiProdutos.csproj", "{0EE9CBDE-4B27-4B98-A5F7-D5B2119A91C8}"
EndProject
Global
	GlobalSection(SolutionConfigurationPlatforms) = preSolution
		Debug|Any CPU = Debug|Any CPU
		Release|Any CPU = Release|Any CPU
	EndGlobalSection
	GlobalSection(ProjectConfigurationPlatforms) = postSolution
		{0EE9CBDE-4B27-4B98-A5F7-D5B2119A91C8}.Debug|Any CPU.ActiveCfg = Debug|Any CPU
		{0EE9CBDE-4B27-4B98-A5F7-D5B2119A91C8}.Debug|Any CPU.Build.0 = Debug|Any CPU
		{0EE9CBDE-4B27-4B98-A5F7-D5B2119A91C8}.Release|Any CPU.ActiveCfg = Release|Any CPU
		{0EE9CBDE-4B27-4B98-A5F7-D5B2119A91C8}.Release|Any CPU.Build.0 = Release|Any CPU
	EndGlobalSection
	GlobalSection(SolutionProperties) = preSolution
		HideSolutionNode = FALSE
	EndGlobalSection
	GlobalSection(ExtensibilityGlobals) = postSolution
		SolutionGuid = {A541B011-420F-4A4C-9DFF-BE32D180AD19}
	EndGlobalSection
EndGlobal
